Microsoft Visual Studio Solution File, Format Version 12.00
# Visual Studio Version 17
VisualStudioVersion = 17.5.2.0
MinimumVisualStudioVersion = 10.0.40219.1
Project("{FAE04EC0-301F-11D3-BF4B-00C04F79EFBC}") = "CollegeAPI", "CollegeAPI.csproj", "{6BC7627B-F347-4037-5D7A-AC46E5FFBCAC}"
EndProject
Global
	GlobalSection(SolutionConfigurationPlatforms) = preSolution
		Debug|Any CPU = Debug|Any CPU
		Release|Any CPU = Release|Any CPU
	EndGlobalSection
	GlobalSection(ProjectConfigurationPlatforms) = postSolution
		{6BC7627B-F347-4037-5D7A-AC46E5FFBCAC}.Debug|Any CPU.ActiveCfg = Debug|Any CPU
		{6BC7627B-F347-4037-5D7A-AC46E5FFBCAC}.Debug|Any CPU.Build.0 = Debug|Any CPU
		{6BC7627B-F347-4037-5D7A-AC46E5FFBCAC}.Release|Any CPU.ActiveCfg = Release|Any CPU
		{6BC7627B-F347-4037-5D7A-AC46E5FFBCAC}.Release|Any CPU.Build.0 = Release|Any CPU
	EndGlobalSection
	GlobalSection(SolutionProperties) = preSolution
		HideSolutionNode = FALSE
	EndGlobalSection
	GlobalSection(ExtensibilityGlobals) = postSolution
		SolutionGuid = {AF77668A-BB18-47D8-8921-E7F8255E93D7}
	EndGlobalSection
EndGlobal
