Microsoft Visual Studio Solution File, Format Version 12.00
# Visual Studio Version 17
VisualStudioVersion = 17.5.2.0
MinimumVisualStudioVersion = 10.0.40219.1
Project("{FAE04EC0-301F-11D3-BF4B-00C04F79EFBC}") = "CollegeManagement.API", "CollegeManagement.API.csproj", "{428ED690-708C-D7F6-C258-420CF18ECA94}"
EndProject
Global
	GlobalSection(SolutionConfigurationPlatforms) = preSolution
		Debug|Any CPU = Debug|Any CPU
		Release|Any CPU = Release|Any CPU
	EndGlobalSection
	GlobalSection(ProjectConfigurationPlatforms) = postSolution
		{428ED690-708C-D7F6-C258-420CF18ECA94}.Debug|Any CPU.ActiveCfg = Debug|Any CPU
		{428ED690-708C-D7F6-C258-420CF18ECA94}.Debug|Any CPU.Build.0 = Debug|Any CPU
		{428ED690-708C-D7F6-C258-420CF18ECA94}.Release|Any CPU.ActiveCfg = Release|Any CPU
		{428ED690-708C-D7F6-C258-420CF18ECA94}.Release|Any CPU.Build.0 = Release|Any CPU
	EndGlobalSection
	GlobalSection(SolutionProperties) = preSolution
		HideSolutionNode = FALSE
	EndGlobalSection
	GlobalSection(ExtensibilityGlobals) = postSolution
		SolutionGuid = {06FF48B9-B3F7-409C-B95B-DE4B6409960D}
	EndGlobalSection
EndGlobal
